
Microsoft Visual Studio Solution File, Format Version 12.00
# Visual Studio Version 17
VisualStudioVersion = 17.3.32804.467
MinimumVisualStudioVersion = 10.0.40219.1
Project("{9A19103F-16F7-4668-BE54-9A1E7A4F7556}") = "TamboliyaApi", "TamboliyaApi.csproj", "{DD7DA93A-D388-4DB7-BE1D-249376DBA34F}"
EndProject
Global
	GlobalSection(SolutionConfigurationPlatforms) = preSolution
		Debug|Any CPU = Debug|Any CPU
		Release|Any CPU = Release|Any CPU
	EndGlobalSection
	GlobalSection(ProjectConfigurationPlatforms) = postSolution
		{DD7DA93A-D388-4DB7-BE1D-249376DBA34F}.Debug|Any CPU.ActiveCfg = Debug|Any CPU
		{DD7DA93A-D388-4DB7-BE1D-249376DBA34F}.Debug|Any CPU.Build.0 = Debug|Any CPU
		{DD7DA93A-D388-4DB7-BE1D-249376DBA34F}.Release|Any CPU.ActiveCfg = Release|Any CPU
		{DD7DA93A-D388-4DB7-BE1D-249376DBA34F}.Release|Any CPU.Build.0 = Release|Any CPU
	EndGlobalSection
	GlobalSection(SolutionProperties) = preSolution
		HideSolutionNode = FALSE
	EndGlobalSection
	GlobalSection(ExtensibilityGlobals) = postSolution
		SolutionGuid = {9013F589-2F24-4DAF-AD7B-566CFCEDFBE4}
	EndGlobalSection
EndGlobal
